
Microsoft Visual Studio Solution File, Format Version 12.00
# Visual Studio Version 17
VisualStudioVersion = 17.6.33617.297
MinimumVisualStudioVersion = 10.0.40219.1
Project("{FAE04EC0-301F-11D3-BF4B-00C04F79EFBC}") = "MovieCatalog - Practice Quest", "MovieCatalog - Practice Quest\MovieCatalog - Practice Quest.csproj", "{52B0499D-4813-4A15-83B6-4F056819BF59}"
EndProject
Project("{FAE04EC0-301F-11D3-BF4B-00C04F79EFBC}") = "MovieCatalogTests", "MovieCatalogTests\MovieCatalogTests.csproj", "{40D0DC2F-1799-47D6-B90C-49864FD49193}"
EndProject
Global
	GlobalSection(SolutionConfigurationPlatforms) = preSolution
		Debug|Any CPU = Debug|Any CPU
		Release|Any CPU = Release|Any CPU
	EndGlobalSection
	GlobalSection(ProjectConfigurationPlatforms) = postSolution
		{52B0499D-4813-4A15-83B6-4F056819BF59}.Debug|Any CPU.ActiveCfg = Debug|Any CPU
		{52B0499D-4813-4A15-83B6-4F056819BF59}.Debug|Any CPU.Build.0 = Debug|Any CPU
		{52B0499D-4813-4A15-83B6-4F056819BF59}.Release|Any CPU.ActiveCfg = Release|Any CPU
		{52B0499D-4813-4A15-83B6-4F056819BF59}.Release|Any CPU.Build.0 = Release|Any CPU
		{40D0DC2F-1799-47D6-B90C-49864FD49193}.Debug|Any CPU.ActiveCfg = Debug|Any CPU
		{40D0DC2F-1799-47D6-B90C-49864FD49193}.Debug|Any CPU.Build.0 = Debug|Any CPU
		{40D0DC2F-1799-47D6-B90C-49864FD49193}.Release|Any CPU.ActiveCfg = Release|Any CPU
		{40D0DC2F-1799-47D6-B90C-49864FD49193}.Release|Any CPU.Build.0 = Release|Any CPU
	EndGlobalSection
	GlobalSection(SolutionProperties) = preSolution
		HideSolutionNode = FALSE
	EndGlobalSection
	GlobalSection(ExtensibilityGlobals) = postSolution
		SolutionGuid = {916C877C-88AA-4DCD-9EE9-52D2AC64617E}
	EndGlobalSection
EndGlobal
